
Microsoft Visual Studio Solution File, Format Version 12.00
# Visual Studio Version 17
VisualStudioVersion = 17.0.31903.59
MinimumVisualStudioVersion = 10.0.40219.1
Project("{2150E333-8FDC-42A3-9474-1A3956D46DE8}") = "src", "src", "{0E864112-FE42-4DFC-A4E6-8A118665D6E0}"
EndProject
Project("{2150E333-8FDC-42A3-9474-1A3956D46DE8}") = "Web", "Web", "{35F30A30-480D-4936-9352-D95129DD701B}"
EndProject
Project("{FAE04EC0-301F-11D3-BF4B-00C04F79EFBC}") = "TeslaApi.Web", "src\Web\TeslaApi.Web\TeslaApi.Web.csproj", "{C35C4C02-72DB-4410-BC94-71E1FAE6B48A}"
EndProject
Project("{FAE04EC0-301F-11D3-BF4B-00C04F79EFBC}") = "Infrastruct", "src\Web\Infrastruct\Infrastruct.csproj", "{BCC65891-A76C-4C77-BA4F-5A495A2BF9CF}"
EndProject
Project("{FAE04EC0-301F-11D3-BF4B-00C04F79EFBC}") = "Domain", "src\Web\Domain\Domain.csproj", "{CF7CA684-6EB4-4BE9-8D8B-2BECB8F9A42F}"
EndProject
Project("{2150E333-8FDC-42A3-9474-1A3956D46DE8}") = "Sdk", "Sdk", "{ABC75E07-7374-4651-93EA-1EC09D36C789}"
EndProject
Project("{FAE04EC0-301F-11D3-BF4B-00C04F79EFBC}") = "TeslaApi", "src\Sdk\TeslaApi\TeslaApi.csproj", "{9FCD622D-ABD0-4943-9FC1-128027698F51}"
EndProject
Project("{FAE04EC0-301F-11D3-BF4B-00C04F79EFBC}") = "TeslaApi.Abstractions", "src\Sdk\TeslaApi.Abstractions\TeslaApi.Abstractions.csproj", "{28756E38-08DD-42BF-8EC6-8C0462913C18}"
EndProject
Project("{FAE04EC0-301F-11D3-BF4B-00C04F79EFBC}") = "TeslaApi.Contract", "src\Sdk\TeslaApi.Contract\TeslaApi.Contract.csproj", "{4D383B32-C0D3-4990-9D38-B55BD954FDDE}"
EndProject
Project("{FAE04EC0-301F-11D3-BF4B-00C04F79EFBC}") = "TeslaApi.Extensions.DependencyInjection", "src\Sdk\TeslaApi.Extensions.DependencyInjection\TeslaApi.Extensions.DependencyInjection.csproj", "{D99EB461-7770-4C25-89D5-855184521FBB}"
EndProject
Project("{FAE04EC0-301F-11D3-BF4B-00C04F79EFBC}") = "TeslaApi.Storage", "src\Sdk\TeslaApi.Storage\TeslaApi.Storage.csproj", "{B23DF23B-0318-438F-8E43-D60B2A14705A}"
EndProject
Project("{FAE04EC0-301F-11D3-BF4B-00C04F79EFBC}") = "TeslaApi.Storage.Abstractions", "src\Sdk\TeslaApi.Storage.Abstractions\TeslaApi.Storage.Abstractions.csproj", "{6C9E8C4B-055C-4FD7-8709-C0457AB93A52}"
EndProject
Project("{FAE04EC0-301F-11D3-BF4B-00C04F79EFBC}") = "Tool", "src\Tool\Tool.csproj", "{76599F55-2460-4D78-B109-F892D560EED4}"
EndProject
Global
	GlobalSection(SolutionConfigurationPlatforms) = preSolution
		Debug|Any CPU = Debug|Any CPU
		Release|Any CPU = Release|Any CPU
	EndGlobalSection
	GlobalSection(SolutionProperties) = preSolution
		HideSolutionNode = FALSE
	EndGlobalSection
	GlobalSection(ProjectConfigurationPlatforms) = postSolution
		{C35C4C02-72DB-4410-BC94-71E1FAE6B48A}.Debug|Any CPU.ActiveCfg = Debug|Any CPU
		{C35C4C02-72DB-4410-BC94-71E1FAE6B48A}.Debug|Any CPU.Build.0 = Debug|Any CPU
		{C35C4C02-72DB-4410-BC94-71E1FAE6B48A}.Release|Any CPU.ActiveCfg = Release|Any CPU
		{C35C4C02-72DB-4410-BC94-71E1FAE6B48A}.Release|Any CPU.Build.0 = Release|Any CPU
		{BCC65891-A76C-4C77-BA4F-5A495A2BF9CF}.Debug|Any CPU.ActiveCfg = Debug|Any CPU
		{BCC65891-A76C-4C77-BA4F-5A495A2BF9CF}.Debug|Any CPU.Build.0 = Debug|Any CPU
		{BCC65891-A76C-4C77-BA4F-5A495A2BF9CF}.Release|Any CPU.ActiveCfg = Release|Any CPU
		{BCC65891-A76C-4C77-BA4F-5A495A2BF9CF}.Release|Any CPU.Build.0 = Release|Any CPU
		{CF7CA684-6EB4-4BE9-8D8B-2BECB8F9A42F}.Debug|Any CPU.ActiveCfg = Debug|Any CPU
		{CF7CA684-6EB4-4BE9-8D8B-2BECB8F9A42F}.Debug|Any CPU.Build.0 = Debug|Any CPU
		{CF7CA684-6EB4-4BE9-8D8B-2BECB8F9A42F}.Release|Any CPU.ActiveCfg = Release|Any CPU
		{CF7CA684-6EB4-4BE9-8D8B-2BECB8F9A42F}.Release|Any CPU.Build.0 = Release|Any CPU
		{9FCD622D-ABD0-4943-9FC1-128027698F51}.Debug|Any CPU.ActiveCfg = Debug|Any CPU
		{9FCD622D-ABD0-4943-9FC1-128027698F51}.Debug|Any CPU.Build.0 = Debug|Any CPU
		{9FCD622D-ABD0-4943-9FC1-128027698F51}.Release|Any CPU.ActiveCfg = Release|Any CPU
		{9FCD622D-ABD0-4943-9FC1-128027698F51}.Release|Any CPU.Build.0 = Release|Any CPU
		{28756E38-08DD-42BF-8EC6-8C0462913C18}.Debug|Any CPU.ActiveCfg = Debug|Any CPU
		{28756E38-08DD-42BF-8EC6-8C0462913C18}.Debug|Any CPU.Build.0 = Debug|Any CPU
		{28756E38-08DD-42BF-8EC6-8C0462913C18}.Release|Any CPU.ActiveCfg = Release|Any CPU
		{28756E38-08DD-42BF-8EC6-8C0462913C18}.Release|Any CPU.Build.0 = Release|Any CPU
		{4D383B32-C0D3-4990-9D38-B55BD954FDDE}.Debug|Any CPU.ActiveCfg = Debug|Any CPU
		{4D383B32-C0D3-4990-9D38-B55BD954FDDE}.Debug|Any CPU.Build.0 = Debug|Any CPU
		{4D383B32-C0D3-4990-9D38-B55BD954FDDE}.Release|Any CPU.ActiveCfg = Release|Any CPU
		{4D383B32-C0D3-4990-9D38-B55BD954FDDE}.Release|Any CPU.Build.0 = Release|Any CPU
		{D99EB461-7770-4C25-89D5-855184521FBB}.Debug|Any CPU.ActiveCfg = Debug|Any CPU
		{D99EB461-7770-4C25-89D5-855184521FBB}.Debug|Any CPU.Build.0 = Debug|Any CPU
		{D99EB461-7770-4C25-89D5-855184521FBB}.Release|Any CPU.ActiveCfg = Release|Any CPU
		{D99EB461-7770-4C25-89D5-855184521FBB}.Release|Any CPU.Build.0 = Release|Any CPU
		{B23DF23B-0318-438F-8E43-D60B2A14705A}.Debug|Any CPU.ActiveCfg = Debug|Any CPU
		{B23DF23B-0318-438F-8E43-D60B2A14705A}.Debug|Any CPU.Build.0 = Debug|Any CPU
		{B23DF23B-0318-438F-8E43-D60B2A14705A}.Release|Any CPU.ActiveCfg = Release|Any CPU
		{B23DF23B-0318-438F-8E43-D60B2A14705A}.Release|Any CPU.Build.0 = Release|Any CPU
		{6C9E8C4B-055C-4FD7-8709-C0457AB93A52}.Debug|Any CPU.ActiveCfg = Debug|Any CPU
		{6C9E8C4B-055C-4FD7-8709-C0457AB93A52}.Debug|Any CPU.Build.0 = Debug|Any CPU
		{6C9E8C4B-055C-4FD7-8709-C0457AB93A52}.Release|Any CPU.ActiveCfg = Release|Any CPU
		{6C9E8C4B-055C-4FD7-8709-C0457AB93A52}.Release|Any CPU.Build.0 = Release|Any CPU
		{76599F55-2460-4D78-B109-F892D560EED4}.Debug|Any CPU.ActiveCfg = Debug|Any CPU
		{76599F55-2460-4D78-B109-F892D560EED4}.Debug|Any CPU.Build.0 = Debug|Any CPU
		{76599F55-2460-4D78-B109-F892D560EED4}.Release|Any CPU.ActiveCfg = Release|Any CPU
		{76599F55-2460-4D78-B109-F892D560EED4}.Release|Any CPU.Build.0 = Release|Any CPU
	EndGlobalSection
	GlobalSection(NestedProjects) = preSolution
		{35F30A30-480D-4936-9352-D95129DD701B} = {0E864112-FE42-4DFC-A4E6-8A118665D6E0}
		{C35C4C02-72DB-4410-BC94-71E1FAE6B48A} = {35F30A30-480D-4936-9352-D95129DD701B}
		{BCC65891-A76C-4C77-BA4F-5A495A2BF9CF} = {35F30A30-480D-4936-9352-D95129DD701B}
		{CF7CA684-6EB4-4BE9-8D8B-2BECB8F9A42F} = {35F30A30-480D-4936-9352-D95129DD701B}
		{ABC75E07-7374-4651-93EA-1EC09D36C789} = {0E864112-FE42-4DFC-A4E6-8A118665D6E0}
		{9FCD622D-ABD0-4943-9FC1-128027698F51} = {ABC75E07-7374-4651-93EA-1EC09D36C789}
		{28756E38-08DD-42BF-8EC6-8C0462913C18} = {ABC75E07-7374-4651-93EA-1EC09D36C789}
		{4D383B32-C0D3-4990-9D38-B55BD954FDDE} = {ABC75E07-7374-4651-93EA-1EC09D36C789}
		{D99EB461-7770-4C25-89D5-855184521FBB} = {ABC75E07-7374-4651-93EA-1EC09D36C789}
		{B23DF23B-0318-438F-8E43-D60B2A14705A} = {ABC75E07-7374-4651-93EA-1EC09D36C789}
		{6C9E8C4B-055C-4FD7-8709-C0457AB93A52} = {ABC75E07-7374-4651-93EA-1EC09D36C789}
		{76599F55-2460-4D78-B109-F892D560EED4} = {0E864112-FE42-4DFC-A4E6-8A118665D6E0}
	EndGlobalSection
EndGlobal
