
Microsoft Visual Studio Solution File, Format Version 12.00
# Visual Studio Version 17
VisualStudioVersion = 17.0.31903.59
MinimumVisualStudioVersion = 10.0.40219.1
Project("{2150E333-8FDC-42A3-9474-1A3956D46DE8}") = "src", "src", "{0E864112-FE42-4DFC-A4E6-8A118665D6E0}"
EndProject
Project("{2150E333-8FDC-42A3-9474-1A3956D46DE8}") = "Web", "Web", "{35F30A30-480D-4936-9352-D95129DD701B}"
EndProject
Project("{FAE04EC0-301F-11D3-BF4B-00C04F79EFBC}") = "TeslaApi.Web", "src\Web\TeslaApi.Web\TeslaApi.Web.csproj", "{C35C4C02-72DB-4410-BC94-71E1FAE6B48A}"
EndProject
Project("{FAE04EC0-301F-11D3-BF4B-00C04F79EFBC}") = "Infrastruct", "src\Web\Infrastruct\Infrastruct.csproj", "{BCC65891-A76C-4C77-BA4F-5A495A2BF9CF}"
EndProject
Project("{FAE04EC0-301F-11D3-BF4B-00C04F79EFBC}") = "Domain", "src\Web\Domain\Domain.csproj", "{CF7CA684-6EB4-4BE9-8D8B-2BECB8F9A42F}"
EndProject
Project("{2150E333-8FDC-42A3-9474-1A3956D46DE8}") = "Sdk", "Sdk", "{ABC75E07-7374-4651-93EA-1EC09D36C789}"
EndProject
Project("{FAE04EC0-301F-11D3-BF4B-00C04F79EFBC}") = "TeslaApi.Contract", "src\Sdk\TeslaApi.Contract\TeslaApi.Contract.csproj", "{4D383B32-C0D3-4990-9D38-B55BD954FDDE}"
EndProject
Project("{FAE04EC0-301F-11D3-BF4B-00C04F79EFBC}") = "Tool", "src\Tool\Tool.csproj", "{76599F55-2460-4D78-B109-F892D560EED4}"
EndProject
Project("{FAE04EC0-301F-11D3-BF4B-00C04F79EFBC}") = "TeslaApi.Extensions.DependencyInjection.V2", "src\Sdk\TeslaApi.Extensions.DependencyInjection.V2\TeslaApi.Extensions.DependencyInjection.V2.csproj", "{AF42965D-53E8-4FB5-B8B7-AD3BEDD600C8}"
EndProject
Project("{FAE04EC0-301F-11D3-BF4B-00C04F79EFBC}") = "TeslaApi.SDK", "src\Sdk\TeslaApi.SDK\TeslaApi.SDK.csproj", "{1C2EA10F-543C-4C6C-9D90-E6737160B53D}"
EndProject
Project("{FAE04EC0-301F-11D3-BF4B-00C04F79EFBC}") = "Tesla.AppHost", "src\Tesla.AppHost\Tesla.AppHost.csproj", "{48F0D371-44B2-432E-A6CA-ED0E6A6E82A7}"
EndProject
Project("{FAE04EC0-301F-11D3-BF4B-00C04F79EFBC}") = "Tesla.ServiceDefaults", "src\Tesla.ServiceDefaults\Tesla.ServiceDefaults.csproj", "{6099F1B7-6ED0-4203-AA74-86D6935ED135}"
EndProject
Project("{FAE04EC0-301F-11D3-BF4B-00C04F79EFBC}") = "Tesla.User", "src\Tesla.User\Tesla.User.csproj", "{1F3638A0-BE2A-4AF4-89D2-9B953A4F959C}"
EndProject
Project("{FAE04EC0-301F-11D3-BF4B-00C04F79EFBC}") = "Tesla.Stream", "src\Tesla.Stream\Tesla.Stream.csproj", "{F1D4C430-1BB6-42B0-B364-9BF819D849AE}"
EndProject
Project("{FAE04EC0-301F-11D3-BF4B-00C04F79EFBC}") = "Tesla.Vehicle", "src\Tesla.Vehicle\Tesla.Vehicle.csproj", "{A83F7103-7B14-4470-9E6D-DC397339D8E6}"
EndProject
Project("{FAE04EC0-301F-11D3-BF4B-00C04F79EFBC}") = "Tesla.Charge", "src\Tesla.Charge\Tesla.Charge.csproj", "{D004AC87-5CD6-45F3-8294-44E7C65FF9D0}"
EndProject
Project("{FAE04EC0-301F-11D3-BF4B-00C04F79EFBC}") = "Tesla.Journey", "src\Tesla.Journey\Tesla.Journey.csproj", "{EC6BC360-7BE7-414C-AAB0-5EF1661A77B7}"
EndProject
Project("{FAE04EC0-301F-11D3-BF4B-00C04F79EFBC}") = "Tesla.Dashboards", "src\Tesla.Dashboards\Tesla.Dashboards.csproj", "{475F012B-3280-4D03-A7CA-6ECE5CD844D7}"
EndProject
Global
	GlobalSection(SolutionConfigurationPlatforms) = preSolution
		Debug|Any CPU = Debug|Any CPU
		Release|Any CPU = Release|Any CPU
	EndGlobalSection
	GlobalSection(SolutionProperties) = preSolution
		HideSolutionNode = FALSE
	EndGlobalSection
	GlobalSection(ProjectConfigurationPlatforms) = postSolution
		{C35C4C02-72DB-4410-BC94-71E1FAE6B48A}.Debug|Any CPU.ActiveCfg = Debug|Any CPU
		{C35C4C02-72DB-4410-BC94-71E1FAE6B48A}.Debug|Any CPU.Build.0 = Debug|Any CPU
		{C35C4C02-72DB-4410-BC94-71E1FAE6B48A}.Release|Any CPU.ActiveCfg = Release|Any CPU
		{C35C4C02-72DB-4410-BC94-71E1FAE6B48A}.Release|Any CPU.Build.0 = Release|Any CPU
		{BCC65891-A76C-4C77-BA4F-5A495A2BF9CF}.Debug|Any CPU.ActiveCfg = Debug|Any CPU
		{BCC65891-A76C-4C77-BA4F-5A495A2BF9CF}.Debug|Any CPU.Build.0 = Debug|Any CPU
		{BCC65891-A76C-4C77-BA4F-5A495A2BF9CF}.Release|Any CPU.ActiveCfg = Release|Any CPU
		{BCC65891-A76C-4C77-BA4F-5A495A2BF9CF}.Release|Any CPU.Build.0 = Release|Any CPU
		{CF7CA684-6EB4-4BE9-8D8B-2BECB8F9A42F}.Debug|Any CPU.ActiveCfg = Debug|Any CPU
		{CF7CA684-6EB4-4BE9-8D8B-2BECB8F9A42F}.Debug|Any CPU.Build.0 = Debug|Any CPU
		{CF7CA684-6EB4-4BE9-8D8B-2BECB8F9A42F}.Release|Any CPU.ActiveCfg = Release|Any CPU
		{CF7CA684-6EB4-4BE9-8D8B-2BECB8F9A42F}.Release|Any CPU.Build.0 = Release|Any CPU
		{4D383B32-C0D3-4990-9D38-B55BD954FDDE}.Debug|Any CPU.ActiveCfg = Debug|Any CPU
		{4D383B32-C0D3-4990-9D38-B55BD954FDDE}.Debug|Any CPU.Build.0 = Debug|Any CPU
		{4D383B32-C0D3-4990-9D38-B55BD954FDDE}.Release|Any CPU.ActiveCfg = Release|Any CPU
		{4D383B32-C0D3-4990-9D38-B55BD954FDDE}.Release|Any CPU.Build.0 = Release|Any CPU
		{76599F55-2460-4D78-B109-F892D560EED4}.Debug|Any CPU.ActiveCfg = Debug|Any CPU
		{76599F55-2460-4D78-B109-F892D560EED4}.Debug|Any CPU.Build.0 = Debug|Any CPU
		{76599F55-2460-4D78-B109-F892D560EED4}.Release|Any CPU.ActiveCfg = Release|Any CPU
		{76599F55-2460-4D78-B109-F892D560EED4}.Release|Any CPU.Build.0 = Release|Any CPU
		{AF42965D-53E8-4FB5-B8B7-AD3BEDD600C8}.Debug|Any CPU.ActiveCfg = Debug|Any CPU
		{AF42965D-53E8-4FB5-B8B7-AD3BEDD600C8}.Debug|Any CPU.Build.0 = Debug|Any CPU
		{AF42965D-53E8-4FB5-B8B7-AD3BEDD600C8}.Release|Any CPU.ActiveCfg = Release|Any CPU
		{AF42965D-53E8-4FB5-B8B7-AD3BEDD600C8}.Release|Any CPU.Build.0 = Release|Any CPU
		{1C2EA10F-543C-4C6C-9D90-E6737160B53D}.Debug|Any CPU.ActiveCfg = Debug|Any CPU
		{1C2EA10F-543C-4C6C-9D90-E6737160B53D}.Debug|Any CPU.Build.0 = Debug|Any CPU
		{1C2EA10F-543C-4C6C-9D90-E6737160B53D}.Release|Any CPU.ActiveCfg = Release|Any CPU
		{1C2EA10F-543C-4C6C-9D90-E6737160B53D}.Release|Any CPU.Build.0 = Release|Any CPU
		{48F0D371-44B2-432E-A6CA-ED0E6A6E82A7}.Debug|Any CPU.ActiveCfg = Debug|Any CPU
		{48F0D371-44B2-432E-A6CA-ED0E6A6E82A7}.Debug|Any CPU.Build.0 = Debug|Any CPU
		{48F0D371-44B2-432E-A6CA-ED0E6A6E82A7}.Release|Any CPU.ActiveCfg = Release|Any CPU
		{48F0D371-44B2-432E-A6CA-ED0E6A6E82A7}.Release|Any CPU.Build.0 = Release|Any CPU
		{6099F1B7-6ED0-4203-AA74-86D6935ED135}.Debug|Any CPU.ActiveCfg = Debug|Any CPU
		{6099F1B7-6ED0-4203-AA74-86D6935ED135}.Debug|Any CPU.Build.0 = Debug|Any CPU
		{6099F1B7-6ED0-4203-AA74-86D6935ED135}.Release|Any CPU.ActiveCfg = Release|Any CPU
		{6099F1B7-6ED0-4203-AA74-86D6935ED135}.Release|Any CPU.Build.0 = Release|Any CPU
		{1F3638A0-BE2A-4AF4-89D2-9B953A4F959C}.Debug|Any CPU.ActiveCfg = Debug|Any CPU
		{1F3638A0-BE2A-4AF4-89D2-9B953A4F959C}.Debug|Any CPU.Build.0 = Debug|Any CPU
		{1F3638A0-BE2A-4AF4-89D2-9B953A4F959C}.Release|Any CPU.ActiveCfg = Release|Any CPU
		{1F3638A0-BE2A-4AF4-89D2-9B953A4F959C}.Release|Any CPU.Build.0 = Release|Any CPU
		{F1D4C430-1BB6-42B0-B364-9BF819D849AE}.Debug|Any CPU.ActiveCfg = Debug|Any CPU
		{F1D4C430-1BB6-42B0-B364-9BF819D849AE}.Debug|Any CPU.Build.0 = Debug|Any CPU
		{F1D4C430-1BB6-42B0-B364-9BF819D849AE}.Release|Any CPU.ActiveCfg = Release|Any CPU
		{F1D4C430-1BB6-42B0-B364-9BF819D849AE}.Release|Any CPU.Build.0 = Release|Any CPU
		{A83F7103-7B14-4470-9E6D-DC397339D8E6}.Debug|Any CPU.ActiveCfg = Debug|Any CPU
		{A83F7103-7B14-4470-9E6D-DC397339D8E6}.Debug|Any CPU.Build.0 = Debug|Any CPU
		{A83F7103-7B14-4470-9E6D-DC397339D8E6}.Release|Any CPU.ActiveCfg = Release|Any CPU
		{A83F7103-7B14-4470-9E6D-DC397339D8E6}.Release|Any CPU.Build.0 = Release|Any CPU
		{D004AC87-5CD6-45F3-8294-44E7C65FF9D0}.Debug|Any CPU.ActiveCfg = Debug|Any CPU
		{D004AC87-5CD6-45F3-8294-44E7C65FF9D0}.Debug|Any CPU.Build.0 = Debug|Any CPU
		{D004AC87-5CD6-45F3-8294-44E7C65FF9D0}.Release|Any CPU.ActiveCfg = Release|Any CPU
		{D004AC87-5CD6-45F3-8294-44E7C65FF9D0}.Release|Any CPU.Build.0 = Release|Any CPU
		{EC6BC360-7BE7-414C-AAB0-5EF1661A77B7}.Debug|Any CPU.ActiveCfg = Debug|Any CPU
		{EC6BC360-7BE7-414C-AAB0-5EF1661A77B7}.Debug|Any CPU.Build.0 = Debug|Any CPU
		{EC6BC360-7BE7-414C-AAB0-5EF1661A77B7}.Release|Any CPU.ActiveCfg = Release|Any CPU
		{EC6BC360-7BE7-414C-AAB0-5EF1661A77B7}.Release|Any CPU.Build.0 = Release|Any CPU
		{475F012B-3280-4D03-A7CA-6ECE5CD844D7}.Debug|Any CPU.ActiveCfg = Debug|Any CPU
		{475F012B-3280-4D03-A7CA-6ECE5CD844D7}.Debug|Any CPU.Build.0 = Debug|Any CPU
		{475F012B-3280-4D03-A7CA-6ECE5CD844D7}.Release|Any CPU.ActiveCfg = Release|Any CPU
		{475F012B-3280-4D03-A7CA-6ECE5CD844D7}.Release|Any CPU.Build.0 = Release|Any CPU
	EndGlobalSection
	GlobalSection(NestedProjects) = preSolution
		{35F30A30-480D-4936-9352-D95129DD701B} = {0E864112-FE42-4DFC-A4E6-8A118665D6E0}
		{C35C4C02-72DB-4410-BC94-71E1FAE6B48A} = {35F30A30-480D-4936-9352-D95129DD701B}
		{BCC65891-A76C-4C77-BA4F-5A495A2BF9CF} = {35F30A30-480D-4936-9352-D95129DD701B}
		{CF7CA684-6EB4-4BE9-8D8B-2BECB8F9A42F} = {35F30A30-480D-4936-9352-D95129DD701B}
		{ABC75E07-7374-4651-93EA-1EC09D36C789} = {0E864112-FE42-4DFC-A4E6-8A118665D6E0}
		{4D383B32-C0D3-4990-9D38-B55BD954FDDE} = {ABC75E07-7374-4651-93EA-1EC09D36C789}
		{76599F55-2460-4D78-B109-F892D560EED4} = {0E864112-FE42-4DFC-A4E6-8A118665D6E0}
		{AF42965D-53E8-4FB5-B8B7-AD3BEDD600C8} = {ABC75E07-7374-4651-93EA-1EC09D36C789}
		{1C2EA10F-543C-4C6C-9D90-E6737160B53D} = {ABC75E07-7374-4651-93EA-1EC09D36C789}
		{48F0D371-44B2-432E-A6CA-ED0E6A6E82A7} = {0E864112-FE42-4DFC-A4E6-8A118665D6E0}
		{6099F1B7-6ED0-4203-AA74-86D6935ED135} = {0E864112-FE42-4DFC-A4E6-8A118665D6E0}
		{1F3638A0-BE2A-4AF4-89D2-9B953A4F959C} = {0E864112-FE42-4DFC-A4E6-8A118665D6E0}
		{F1D4C430-1BB6-42B0-B364-9BF819D849AE} = {0E864112-FE42-4DFC-A4E6-8A118665D6E0}
		{A83F7103-7B14-4470-9E6D-DC397339D8E6} = {0E864112-FE42-4DFC-A4E6-8A118665D6E0}
		{D004AC87-5CD6-45F3-8294-44E7C65FF9D0} = {0E864112-FE42-4DFC-A4E6-8A118665D6E0}
		{EC6BC360-7BE7-414C-AAB0-5EF1661A77B7} = {0E864112-FE42-4DFC-A4E6-8A118665D6E0}
		{475F012B-3280-4D03-A7CA-6ECE5CD844D7} = {0E864112-FE42-4DFC-A4E6-8A118665D6E0}
	EndGlobalSection
EndGlobal
