
Microsoft Visual Studio Solution File, Format Version 12.00
# Visual Studio Version 17
VisualStudioVersion = 17.0.31903.59
MinimumVisualStudioVersion = 10.0.40219.1
Project("{FAE04EC0-301F-11D3-BF4B-00C04F79EFBC}") = "TeslaApi", "TeslaApi\TeslaApi.csproj", "{BF204672-E9D0-46F4-8F54-941CF2BFFE66}"
EndProject
Project("{FAE04EC0-301F-11D3-BF4B-00C04F79EFBC}") = "TeslaApi.Abstractions", "TeslaApi.Abstractions\TeslaApi.Abstractions.csproj", "{210C55C6-6A98-4ED7-9F7E-480EC3C02159}"
EndProject
Project("{FAE04EC0-301F-11D3-BF4B-00C04F79EFBC}") = "TeslaApi.Contract", "TeslaApi.Contract\TeslaApi.Contract.csproj", "{BF64B434-A639-4690-8EFA-734F8D746FFD}"
EndProject
Project("{FAE04EC0-301F-11D3-BF4B-00C04F79EFBC}") = "TeslaApi.Extensions.DependencyInjection", "TeslaApi.Extensions.DependencyInjection\TeslaApi.Extensions.DependencyInjection.csproj", "{BC1852B6-19B0-4E60-9E21-ED1D581E7BF4}"
EndProject
Project("{FAE04EC0-301F-11D3-BF4B-00C04F79EFBC}") = "TeslaApi.Storage", "TeslaApi.Storage\TeslaApi.Storage.csproj", "{D6F75205-C4A2-4253-9DBF-464C9D450626}"
EndProject
Project("{FAE04EC0-301F-11D3-BF4B-00C04F79EFBC}") = "TeslaApi.Storage.Abstractions", "TeslaApi.Storage.Abstractions\TeslaApi.Storage.Abstractions.csproj", "{661DDB98-C482-4FF0-A2AB-C04E7DAF5963}"
EndProject
Global
	GlobalSection(SolutionConfigurationPlatforms) = preSolution
		Debug|Any CPU = Debug|Any CPU
		Release|Any CPU = Release|Any CPU
	EndGlobalSection
	GlobalSection(SolutionProperties) = preSolution
		HideSolutionNode = FALSE
	EndGlobalSection
	GlobalSection(ProjectConfigurationPlatforms) = postSolution
		{BF204672-E9D0-46F4-8F54-941CF2BFFE66}.Debug|Any CPU.ActiveCfg = Debug|Any CPU
		{BF204672-E9D0-46F4-8F54-941CF2BFFE66}.Debug|Any CPU.Build.0 = Debug|Any CPU
		{BF204672-E9D0-46F4-8F54-941CF2BFFE66}.Release|Any CPU.ActiveCfg = Release|Any CPU
		{BF204672-E9D0-46F4-8F54-941CF2BFFE66}.Release|Any CPU.Build.0 = Release|Any CPU
		{210C55C6-6A98-4ED7-9F7E-480EC3C02159}.Debug|Any CPU.ActiveCfg = Debug|Any CPU
		{210C55C6-6A98-4ED7-9F7E-480EC3C02159}.Debug|Any CPU.Build.0 = Debug|Any CPU
		{210C55C6-6A98-4ED7-9F7E-480EC3C02159}.Release|Any CPU.ActiveCfg = Release|Any CPU
		{210C55C6-6A98-4ED7-9F7E-480EC3C02159}.Release|Any CPU.Build.0 = Release|Any CPU
		{BF64B434-A639-4690-8EFA-734F8D746FFD}.Debug|Any CPU.ActiveCfg = Debug|Any CPU
		{BF64B434-A639-4690-8EFA-734F8D746FFD}.Debug|Any CPU.Build.0 = Debug|Any CPU
		{BF64B434-A639-4690-8EFA-734F8D746FFD}.Release|Any CPU.ActiveCfg = Release|Any CPU
		{BF64B434-A639-4690-8EFA-734F8D746FFD}.Release|Any CPU.Build.0 = Release|Any CPU
		{BC1852B6-19B0-4E60-9E21-ED1D581E7BF4}.Debug|Any CPU.ActiveCfg = Debug|Any CPU
		{BC1852B6-19B0-4E60-9E21-ED1D581E7BF4}.Debug|Any CPU.Build.0 = Debug|Any CPU
		{BC1852B6-19B0-4E60-9E21-ED1D581E7BF4}.Release|Any CPU.ActiveCfg = Release|Any CPU
		{BC1852B6-19B0-4E60-9E21-ED1D581E7BF4}.Release|Any CPU.Build.0 = Release|Any CPU
		{D6F75205-C4A2-4253-9DBF-464C9D450626}.Debug|Any CPU.ActiveCfg = Debug|Any CPU
		{D6F75205-C4A2-4253-9DBF-464C9D450626}.Debug|Any CPU.Build.0 = Debug|Any CPU
		{D6F75205-C4A2-4253-9DBF-464C9D450626}.Release|Any CPU.ActiveCfg = Release|Any CPU
		{D6F75205-C4A2-4253-9DBF-464C9D450626}.Release|Any CPU.Build.0 = Release|Any CPU
		{661DDB98-C482-4FF0-A2AB-C04E7DAF5963}.Debug|Any CPU.ActiveCfg = Debug|Any CPU
		{661DDB98-C482-4FF0-A2AB-C04E7DAF5963}.Debug|Any CPU.Build.0 = Debug|Any CPU
		{661DDB98-C482-4FF0-A2AB-C04E7DAF5963}.Release|Any CPU.ActiveCfg = Release|Any CPU
		{661DDB98-C482-4FF0-A2AB-C04E7DAF5963}.Release|Any CPU.Build.0 = Release|Any CPU
	EndGlobalSection
EndGlobal
